
Microsoft Visual Studio Solution File, Format Version 12.00
# Visual Studio Version 16
VisualStudioVersion = 16.0.28803.452
MinimumVisualStudioVersion = 10.0.40219.1
Project("{FAE04EC0-301F-11D3-BF4B-00C04F79EFBC}") = "PEGer", "PEGer\PEGer.csproj", "{A01596A4-86CA-45ED-A816-4FADFA1F19F2}"
EndProject
Project("{FAE04EC0-301F-11D3-BF4B-00C04F79EFBC}") = "ParserTest", "ParserTest\ParserTest.csproj", "{DF49624A-9072-4882-8A9C-60BC9E0B8ADA}"
EndProject
Global
	GlobalSection(SolutionConfigurationPlatforms) = preSolution
		Debug|Any CPU = Debug|Any CPU
		Release|Any CPU = Release|Any CPU
	EndGlobalSection
	GlobalSection(ProjectConfigurationPlatforms) = postSolution
		{A01596A4-86CA-45ED-A816-4FADFA1F19F2}.Debug|Any CPU.ActiveCfg = Debug|Any CPU
		{A01596A4-86CA-45ED-A816-4FADFA1F19F2}.Debug|Any CPU.Build.0 = Debug|Any CPU
		{A01596A4-86CA-45ED-A816-4FADFA1F19F2}.Release|Any CPU.ActiveCfg = Release|Any CPU
		{A01596A4-86CA-45ED-A816-4FADFA1F19F2}.Release|Any CPU.Build.0 = Release|Any CPU
		{DF49624A-9072-4882-8A9C-60BC9E0B8ADA}.Debug|Any CPU.ActiveCfg = Debug|Any CPU
		{DF49624A-9072-4882-8A9C-60BC9E0B8ADA}.Debug|Any CPU.Build.0 = Debug|Any CPU
		{DF49624A-9072-4882-8A9C-60BC9E0B8ADA}.Release|Any CPU.ActiveCfg = Release|Any CPU
		{DF49624A-9072-4882-8A9C-60BC9E0B8ADA}.Release|Any CPU.Build.0 = Release|Any CPU
	EndGlobalSection
	GlobalSection(SolutionProperties) = preSolution
		HideSolutionNode = FALSE
	EndGlobalSection
	GlobalSection(ExtensibilityGlobals) = postSolution
		SolutionGuid = {ED173F36-FFD3-461B-861D-6F6E3F9558B2}
	EndGlobalSection
EndGlobal
