
Microsoft Visual Studio Solution File, Format Version 12.00
# Visual Studio Version 16
VisualStudioVersion = 16.0.28803.452
MinimumVisualStudioVersion = 10.0.40219.1
Project("{FAE04EC0-301F-11D3-BF4B-00C04F79EFBC}") = "PEGer", "PEGer\PEGer.csproj", "{60B0BFB8-602B-4CAE-BF9D-5D4070A9C63D}"
EndProject
Global
	GlobalSection(SolutionConfigurationPlatforms) = preSolution
		Debug|Any CPU = Debug|Any CPU
		Release|Any CPU = Release|Any CPU
	EndGlobalSection
	GlobalSection(ProjectConfigurationPlatforms) = postSolution
		{60B0BFB8-602B-4CAE-BF9D-5D4070A9C63D}.Debug|Any CPU.ActiveCfg = Debug|Any CPU
		{60B0BFB8-602B-4CAE-BF9D-5D4070A9C63D}.Debug|Any CPU.Build.0 = Debug|Any CPU
		{60B0BFB8-602B-4CAE-BF9D-5D4070A9C63D}.Release|Any CPU.ActiveCfg = Release|Any CPU
		{60B0BFB8-602B-4CAE-BF9D-5D4070A9C63D}.Release|Any CPU.Build.0 = Release|Any CPU
	EndGlobalSection
	GlobalSection(SolutionProperties) = preSolution
		HideSolutionNode = FALSE
	EndGlobalSection
	GlobalSection(ExtensibilityGlobals) = postSolution
		SolutionGuid = {1DA09913-DA86-45CA-A7DF-763314D3259F}
	EndGlobalSection
EndGlobal
